
Microsoft Visual Studio Solution File, Format Version 12.00
# Visual Studio Version 17
VisualStudioVersion = 17.0.32126.317
MinimumVisualStudioVersion = 10.0.40219.1
Project("{FAE04EC0-301F-11D3-BF4B-00C04F79EFBC}") = "opentk_lab", "opentk_lab\opentk_lab.csproj", "{D316BE4E-B81F-4BDC-B9FA-CDE4E87019DA}"
EndProject
Global
	GlobalSection(SolutionConfigurationPlatforms) = preSolution
		Debug|Any CPU = Debug|Any CPU
		Release|Any CPU = Release|Any CPU
	EndGlobalSection
	GlobalSection(ProjectConfigurationPlatforms) = postSolution
		{D316BE4E-B81F-4BDC-B9FA-CDE4E87019DA}.Debug|Any CPU.ActiveCfg = Debug|Any CPU
		{D316BE4E-B81F-4BDC-B9FA-CDE4E87019DA}.Debug|Any CPU.Build.0 = Debug|Any CPU
		{D316BE4E-B81F-4BDC-B9FA-CDE4E87019DA}.Release|Any CPU.ActiveCfg = Release|Any CPU
		{D316BE4E-B81F-4BDC-B9FA-CDE4E87019DA}.Release|Any CPU.Build.0 = Release|Any CPU
	EndGlobalSection
	GlobalSection(SolutionProperties) = preSolution
		HideSolutionNode = FALSE
	EndGlobalSection
	GlobalSection(ExtensibilityGlobals) = postSolution
		SolutionGuid = {4DDB839B-F02A-4FE3-B964-B49648236697}
	EndGlobalSection
EndGlobal
